// !$*UTF8*$!
{
	archiveVersion = 1;
	classes = {
	};
	objectVersion = 50;
	objects = {

/* Begin PBXBuildFile section */
		6D18FD422237B76E00F68DA4 /* AppDelegate.swift in Sources */ = {isa = PBXBuildFile; fileRef = 6D18FD412237B76E00F68DA4 /* AppDelegate.swift */; };
		6D18FD442237B76E00F68DA4 /* ViewController.swift in Sources */ = {isa = PBXBuildFile; fileRef = 6D18FD432237B76E00F68DA4 /* ViewController.swift */; };
		6D18FD472237B76E00F68DA4 /* Main.storyboard in Resources */ = {isa = PBXBuildFile; fileRef = 6D18FD452237B76E00F68DA4 /* Main.storyboard */; };
		6D18FD492237B77000F68DA4 /* Assets.xcassets in Resources */ = {isa = PBXBuildFile; fileRef = 6D18FD482237B77000F68DA4 /* Assets.xcassets */; };
		6D18FD4C2237B77000F68DA4 /* LaunchScreen.storyboard in Resources */ = {isa = PBXBuildFile; fileRef = 6D18FD4A2237B77000F68DA4 /* LaunchScreen.storyboard */; };
		6D18FD562237B82700F68DA4 /* Famiee.png in Resources */ = {isa = PBXBuildFile; fileRef = 6D18FD542237B82600F68DA4 /* Famiee.png */; };
		6D18FD5C2237BF0100F68DA4 /* ChikaiViewController.swift in Sources */ = {isa = PBXBuildFile; fileRef = 6D18FD5B2237BF0100F68DA4 /* ChikaiViewController.swift */; };
		6D246EB0223A796F00004C7E /* Chikai2ViewController.swift in Sources */ = {isa = PBXBuildFile; fileRef = 6D246EAF223A796F00004C7E /* Chikai2ViewController.swift */; };
		6D776B472239183600A73D30 /* backgraund1.png in Resources */ = {isa = PBXBuildFile; fileRef = 6D776B462239183600A73D30 /* backgraund1.png */; };
		6D776B4922391C1200A73D30 /* Check2ViewController.swift in Sources */ = {isa = PBXBuildFile; fileRef = 6D776B4822391C1200A73D30 /* Check2ViewController.swift */; };
		6D776B4D223922AE00A73D30 /* HakkouViewController.swift in Sources */ = {isa = PBXBuildFile; fileRef = 6D776B4C223922AE00A73D30 /* HakkouViewController.swift */; };
		6DC1A9D92239090B008D8283 /* UIcolor.swift in Sources */ = {isa = PBXBuildFile; fileRef = 6DC1A9D82239090B008D8283 /* UIcolor.swift */; };
		6DC1A9DD22390A9D008D8283 /* back logo.png in Resources */ = {isa = PBXBuildFile; fileRef = 6DC1A9DA22390A9D008D8283 /* back logo.png */; };
		6DC1A9DF22390A9D008D8283 /* 長方形 20.png in Resources */ = {isa = PBXBuildFile; fileRef = 6DC1A9DC22390A9D008D8283 /* 長方形 20.png */; };
		6DF705022237ECD100FA8FE7 /* CheckViewController.swift in Sources */ = {isa = PBXBuildFile; fileRef = 6DF705012237ECD100FA8FE7 /* CheckViewController.swift */; };
		6DFC2523223B973E00C65113 /* camaraViewController.swift in Sources */ = {isa = PBXBuildFile; fileRef = 6DFC2522223B973E00C65113 /* camaraViewController.swift */; };
		F7024D3E223E4CD2006C1869 /* ckeckImageViewController.swift in Sources */ = {isa = PBXBuildFile; fileRef = F7024D3D223E4CD2006C1869 /* ckeckImageViewController.swift */; };
		F743978110051985A24A775A /* Pods_Famiee_.framework in Frameworks */ = {isa = PBXBuildFile; fileRef = 13B14AD2333A7FCEEF256F34 /* Pods_Famiee_.framework */; };
		F74608072246211C009F95BC /* Signature2ViewController.swift in Sources */ = {isa = PBXBuildFile; fileRef = F74608062246211C009F95BC /* Signature2ViewController.swift */; };
		F746080922462792009F95BC /* SignedViewController.swift in Sources */ = {isa = PBXBuildFile; fileRef = F746080822462792009F95BC /* SignedViewController.swift */; };
		F7814F962257342E00D5C5C9 /* EthereumKit.framework in Frameworks */ = {isa = PBXBuildFile; fileRef = F7814F932257342D00D5C5C9 /* EthereumKit.framework */; };
		F7814F972257342E00D5C5C9 /* CryptoEthereumSwift.framework in Frameworks */ = {isa = PBXBuildFile; fileRef = F7814F942257342D00D5C5C9 /* CryptoEthereumSwift.framework */; };
		F7814F982257342E00D5C5C9 /* CryptoSwift.framework in Frameworks */ = {isa = PBXBuildFile; fileRef = F7814F952257342E00D5C5C9 /* CryptoSwift.framework */; };
		F78B643F22460E790038D132 /* cer.png in Resources */ = {isa = PBXBuildFile; fileRef = F78B643E22460E780038D132 /* cer.png */; };
		F7A95B03223E26ED00E92297 /* SmallBtn(r).png in Resources */ = {isa = PBXBuildFile; fileRef = F7A95B02223E26ED00E92297 /* SmallBtn(r).png */; };
		F7A95B05223E278500E92297 /* largeBtn(r).png in Resources */ = {isa = PBXBuildFile; fileRef = F7A95B04223E278500E92297 /* largeBtn(r).png */; };
		F7A95B08223E2A8900E92297 /* LargeBtn(p).png in Resources */ = {isa = PBXBuildFile; fileRef = F7A95B06223E2A8800E92297 /* LargeBtn(p).png */; };
		F7A95B09223E2A8900E92297 /* smallBtn(p).png in Resources */ = {isa = PBXBuildFile; fileRef = F7A95B07223E2A8900E92297 /* smallBtn(p).png */; };
		F7A95B0B223E2F7300E92297 /* LargeRed.png in Resources */ = {isa = PBXBuildFile; fileRef = F7A95B0A223E2F7200E92297 /* LargeRed.png */; };
		F7A95B0D223E311B00E92297 /* CheckBox.swift in Sources */ = {isa = PBXBuildFile; fileRef = F7A95B0C223E311B00E92297 /* CheckBox.swift */; };
		F7A95B10223E339F00E92297 /* checkoff.jpg in Resources */ = {isa = PBXBuildFile; fileRef = F7A95B0E223E339F00E92297 /* checkoff.jpg */; };
		F7A95B11223E339F00E92297 /* checkon.jpg in Resources */ = {isa = PBXBuildFile; fileRef = F7A95B0F223E339F00E92297 /* checkon.jpg */; };
		F7A95B13223E414500E92297 /* PrintViewController.swift in Sources */ = {isa = PBXBuildFile; fileRef = F7A95B12223E414300E92297 /* PrintViewController.swift */; };
		F7BD73B022462D9600B3B6C1 /* checkSignViewController.swift in Sources */ = {isa = PBXBuildFile; fileRef = F7BD73AF22462D9600B3B6C1 /* checkSignViewController.swift */; };
		F7D70293224688C700027497 /* Bridging-Header.m in Sources */ = {isa = PBXBuildFile; fileRef = F7D70292224688C700027497 /* Bridging-Header.m */; };
		F7D702952246897900027497 /* AnimeViewController.swift in Sources */ = {isa = PBXBuildFile; fileRef = F7D702942246897900027497 /* AnimeViewController.swift */; };
		F7D7029722468A0F00027497 /* animation.json in Resources */ = {isa = PBXBuildFile; fileRef = F7D7029622468A0E00027497 /* animation.json */; };
		F7DC95CD2246198E0080AB6B /* SignatureViewController.swift in Sources */ = {isa = PBXBuildFile; fileRef = F7DC95CC2246198E0080AB6B /* SignatureViewController.swift */; };
		F7F445BE2261ABF500426A15 /* bg.png in Resources */ = {isa = PBXBuildFile; fileRef = F7F445BD2261ABF300426A15 /* bg.png */; };
		F7FF13492265B5510089610E /* background.png in Resources */ = {isa = PBXBuildFile; fileRef = F7FF13482265B5510089610E /* background.png */; };
		F7FF134B2265B8790089610E /* image.png in Resources */ = {isa = PBXBuildFile; fileRef = F7FF134A2265B8770089610E /* image.png */; };
		F7FF134D2265B9450089610E /* button.png in Resources */ = {isa = PBXBuildFile; fileRef = F7FF134C2265B9430089610E /* button.png */; };
/* End PBXBuildFile section */

/* Begin PBXFileReference section */
		13B14AD2333A7FCEEF256F34 /* Pods_Famiee_.framework */ = {isa = PBXFileReference; explicitFileType = wrapper.framework; includeInIndex = 0; path = Pods_Famiee_.framework; sourceTree = BUILT_PRODUCTS_DIR; };
		487196976402327B9C89DBDF /* Pods-Famiee１.release.xcconfig */ = {isa = PBXFileReference; includeInIndex = 1; lastKnownFileType = text.xcconfig; name = "Pods-Famiee１.release.xcconfig"; path = "Pods/Target Support Files/Pods-Famiee１/Pods-Famiee１.release.xcconfig"; sourceTree = "<group>"; };
		6D18FD3E2237B76E00F68DA4 /* Famiee１.app */ = {isa = PBXFileReference; explicitFileType = wrapper.application; includeInIndex = 0; path = "Famiee１.app"; sourceTree = BUILT_PRODUCTS_DIR; };
		6D18FD412237B76E00F68DA4 /* AppDelegate.swift */ = {isa = PBXFileReference; lastKnownFileType = sourcecode.swift; path = AppDelegate.swift; sourceTree = "<group>"; };
		6D18FD432237B76E00F68DA4 /* ViewController.swift */ = {isa = PBXFileReference; lastKnownFileType = sourcecode.swift; path = ViewController.swift; sourceTree = "<group>"; };
		6D18FD462237B76E00F68DA4 /* Base */ = {isa = PBXFileReference; lastKnownFileType = file.storyboard; name = Base; path = Base.lproj/Main.storyboard; sourceTree = "<group>"; };
		6D18FD482237B77000F68DA4 /* Assets.xcassets */ = {isa = PBXFileReference; lastKnownFileType = folder.assetcatalog; path = Assets.xcassets; sourceTree = "<group>"; };
		6D18FD4B2237B77000F68DA4 /* Base */ = {isa = PBXFileReference; lastKnownFileType = file.storyboard; name = Base; path = Base.lproj/LaunchScreen.storyboard; sourceTree = "<group>"; };
		6D18FD4D2237B77000F68DA4 /* Info.plist */ = {isa = PBXFileReference; lastKnownFileType = text.plist.xml; path = Info.plist; sourceTree = "<group>"; };
		6D18FD542237B82600F68DA4 /* Famiee.png */ = {isa = PBXFileReference; lastKnownFileType = image.png; path = Famiee.png; sourceTree = "<group>"; };
		6D18FD5B2237BF0100F68DA4 /* ChikaiViewController.swift */ = {isa = PBXFileReference; lastKnownFileType = sourcecode.swift; path = ChikaiViewController.swift; sourceTree = "<group>"; };
		6D246EAF223A796F00004C7E /* Chikai2ViewController.swift */ = {isa = PBXFileReference; lastKnownFileType = sourcecode.swift; path = Chikai2ViewController.swift; sourceTree = "<group>"; };
		6D776B462239183600A73D30 /* backgraund1.png */ = {isa = PBXFileReference; lastKnownFileType = image.png; path = backgraund1.png; sourceTree = "<group>"; };
		6D776B4822391C1200A73D30 /* Check2ViewController.swift */ = {isa = PBXFileReference; lastKnownFileType = sourcecode.swift; path = Check2ViewController.swift; sourceTree = "<group>"; };
		6D776B4C223922AE00A73D30 /* HakkouViewController.swift */ = {isa = PBXFileReference; lastKnownFileType = sourcecode.swift; path = HakkouViewController.swift; sourceTree = "<group>"; };
		6DC1A9D82239090B008D8283 /* UIcolor.swift */ = {isa = PBXFileReference; fileEncoding = 4; lastKnownFileType = sourcecode.swift; path = UIcolor.swift; sourceTree = "<group>"; };
		6DC1A9DA22390A9D008D8283 /* back logo.png */ = {isa = PBXFileReference; lastKnownFileType = image.png; path = "back logo.png"; sourceTree = "<group>"; };
		6DC1A9DC22390A9D008D8283 /* 長方形 20.png */ = {isa = PBXFileReference; lastKnownFileType = image.png; path = "長方形 20.png"; sourceTree = "<group>"; };
		6DF705012237ECD100FA8FE7 /* CheckViewController.swift */ = {isa = PBXFileReference; lastKnownFileType = sourcecode.swift; path = CheckViewController.swift; sourceTree = "<group>"; };
		6DFC2522223B973E00C65113 /* camaraViewController.swift */ = {isa = PBXFileReference; lastKnownFileType = sourcecode.swift; path = camaraViewController.swift; sourceTree = "<group>"; };
		AD1E9E5AAB2779B107D88A4B /* Pods-Famiee１.debug.xcconfig */ = {isa = PBXFileReference; includeInIndex = 1; lastKnownFileType = text.xcconfig; name = "Pods-Famiee１.debug.xcconfig"; path = "Pods/Target Support Files/Pods-Famiee１/Pods-Famiee１.debug.xcconfig"; sourceTree = "<group>"; };
		F7024D3D223E4CD2006C1869 /* ckeckImageViewController.swift */ = {isa = PBXFileReference; lastKnownFileType = sourcecode.swift; path = ckeckImageViewController.swift; sourceTree = "<group>"; };
		F74608062246211C009F95BC /* Signature2ViewController.swift */ = {isa = PBXFileReference; lastKnownFileType = sourcecode.swift; path = Signature2ViewController.swift; sourceTree = "<group>"; };
		F746080822462792009F95BC /* SignedViewController.swift */ = {isa = PBXFileReference; lastKnownFileType = sourcecode.swift; path = SignedViewController.swift; sourceTree = "<group>"; };
		F7814F932257342D00D5C5C9 /* EthereumKit.framework */ = {isa = PBXFileReference; lastKnownFileType = wrapper.framework; name = EthereumKit.framework; path = Carthage/Build/iOS/EthereumKit.framework; sourceTree = "<group>"; };
		F7814F942257342D00D5C5C9 /* CryptoEthereumSwift.framework */ = {isa = PBXFileReference; lastKnownFileType = wrapper.framework; name = CryptoEthereumSwift.framework; path = Carthage/Build/iOS/CryptoEthereumSwift.framework; sourceTree = "<group>"; };
		F7814F952257342E00D5C5C9 /* CryptoSwift.framework */ = {isa = PBXFileReference; lastKnownFileType = wrapper.framework; name = CryptoSwift.framework; path = Carthage/Build/iOS/CryptoSwift.framework; sourceTree = "<group>"; };
		F78B643E22460E780038D132 /* cer.png */ = {isa = PBXFileReference; lastKnownFileType = image.png; path = cer.png; sourceTree = "<group>"; };
		F7A95B02223E26ED00E92297 /* SmallBtn(r).png */ = {isa = PBXFileReference; lastKnownFileType = image.png; path = "SmallBtn(r).png"; sourceTree = "<group>"; };
		F7A95B04223E278500E92297 /* largeBtn(r).png */ = {isa = PBXFileReference; lastKnownFileType = image.png; path = "largeBtn(r).png"; sourceTree = "<group>"; };
		F7A95B06223E2A8800E92297 /* LargeBtn(p).png */ = {isa = PBXFileReference; lastKnownFileType = image.png; path = "LargeBtn(p).png"; sourceTree = "<group>"; };
		F7A95B07223E2A8900E92297 /* smallBtn(p).png */ = {isa = PBXFileReference; lastKnownFileType = image.png; path = "smallBtn(p).png"; sourceTree = "<group>"; };
		F7A95B0A223E2F7200E92297 /* LargeRed.png */ = {isa = PBXFileReference; lastKnownFileType = image.png; path = LargeRed.png; sourceTree = "<group>"; };
		F7A95B0C223E311B00E92297 /* CheckBox.swift */ = {isa = PBXFileReference; lastKnownFileType = sourcecode.swift; path = CheckBox.swift; sourceTree = "<group>"; };
		F7A95B0E223E339F00E92297 /* checkoff.jpg */ = {isa = PBXFileReference; lastKnownFileType = image.jpeg; path = checkoff.jpg; sourceTree = "<group>"; };
		F7A95B0F223E339F00E92297 /* checkon.jpg */ = {isa = PBXFileReference; lastKnownFileType = image.jpeg; path = checkon.jpg; sourceTree = "<group>"; };
		F7A95B12223E414300E92297 /* PrintViewController.swift */ = {isa = PBXFileReference; fileEncoding = 4; lastKnownFileType = sourcecode.swift; path = PrintViewController.swift; sourceTree = "<group>"; };
		F7BD73AF22462D9600B3B6C1 /* checkSignViewController.swift */ = {isa = PBXFileReference; lastKnownFileType = sourcecode.swift; path = checkSignViewController.swift; sourceTree = "<group>"; };
		F7D70291224688C700027497 /* Famiee１-Bridging-Header.h */ = {isa = PBXFileReference; lastKnownFileType = sourcecode.c.h; path = "Famiee１-Bridging-Header.h"; sourceTree = "<group>"; };
		F7D70292224688C700027497 /* Bridging-Header.m */ = {isa = PBXFileReference; lastKnownFileType = sourcecode.c.objc; path = "Bridging-Header.m"; sourceTree = "<group>"; };
		F7D702942246897900027497 /* AnimeViewController.swift */ = {isa = PBXFileReference; lastKnownFileType = sourcecode.swift; path = AnimeViewController.swift; sourceTree = "<group>"; };
		F7D7029622468A0E00027497 /* animation.json */ = {isa = PBXFileReference; fileEncoding = 4; lastKnownFileType = text.json; path = animation.json; sourceTree = "<group>"; };
		F7DC95CC2246198E0080AB6B /* SignatureViewController.swift */ = {isa = PBXFileReference; lastKnownFileType = sourcecode.swift; path = SignatureViewController.swift; sourceTree = "<group>"; };
		F7F445BD2261ABF300426A15 /* bg.png */ = {isa = PBXFileReference; lastKnownFileType = image.png; path = bg.png; sourceTree = "<group>"; };
		F7FF13482265B5510089610E /* background.png */ = {isa = PBXFileReference; lastKnownFileType = image.png; name = background.png; path = ../../background.png; sourceTree = "<group>"; };
		F7FF134A2265B8770089610E /* image.png */ = {isa = PBXFileReference; lastKnownFileType = image.png; path = image.png; sourceTree = "<group>"; };
		F7FF134C2265B9430089610E /* button.png */ = {isa = PBXFileReference; lastKnownFileType = image.png; path = button.png; sourceTree = "<group>"; };
/* End PBXFileReference section */

/* Begin PBXFrameworksBuildPhase section */
		6D18FD3B2237B76E00F68DA4 /* Frameworks */ = {
			isa = PBXFrameworksBuildPhase;
			buildActionMask = 2147483647;
			files = (
				F7814F962257342E00D5C5C9 /* EthereumKit.framework in Frameworks */,
				F7814F972257342E00D5C5C9 /* CryptoEthereumSwift.framework in Frameworks */,
				F7814F982257342E00D5C5C9 /* CryptoSwift.framework in Frameworks */,
				F743978110051985A24A775A /* Pods_Famiee_.framework in Frameworks */,
			);
			runOnlyForDeploymentPostprocessing = 0;
		};
/* End PBXFrameworksBuildPhase section */

/* Begin PBXGroup section */
		5619204735B03DB2F8B355C1 /* Pods */ = {
			isa = PBXGroup;
			children = (
				AD1E9E5AAB2779B107D88A4B /* Pods-Famiee１.debug.xcconfig */,
				487196976402327B9C89DBDF /* Pods-Famiee１.release.xcconfig */,
			);
			name = Pods;
			sourceTree = "<group>";
		};
		6D18FD352237B76E00F68DA4 = {
			isa = PBXGroup;
			children = (
				F7D70292224688C700027497 /* Bridging-Header.m */,
				6D18FD402237B76E00F68DA4 /* Famiee１ */,
				6D18FD3F2237B76E00F68DA4 /* Products */,
				5619204735B03DB2F8B355C1 /* Pods */,
				B6428E3057C7EAF24E4BD518 /* Frameworks */,
				F7D70291224688C700027497 /* Famiee１-Bridging-Header.h */,
			);
			sourceTree = "<group>";
		};
		6D18FD3F2237B76E00F68DA4 /* Products */ = {
			isa = PBXGroup;
			children = (
				6D18FD3E2237B76E00F68DA4 /* Famiee１.app */,
			);
			name = Products;
			sourceTree = "<group>";
		};
		6D18FD402237B76E00F68DA4 /* Famiee１ */ = {
			isa = PBXGroup;
			children = (
				6D18FD452237B76E00F68DA4 /* Main.storyboard */,
				F7FF13482265B5510089610E /* background.png */,
				6D18FD542237B82600F68DA4 /* Famiee.png */,
				6DC1A9DA22390A9D008D8283 /* back logo.png */,
				6DC1A9DC22390A9D008D8283 /* 長方形 20.png */,
				F7FF134C2265B9430089610E /* button.png */,
				6D776B462239183600A73D30 /* backgraund1.png */,
				F7A95B06223E2A8800E92297 /* LargeBtn(p).png */,
				F7A95B0A223E2F7200E92297 /* LargeRed.png */,
				F7A95B07223E2A8900E92297 /* smallBtn(p).png */,
				F78B643E22460E780038D132 /* cer.png */,
				F7A95B04223E278500E92297 /* largeBtn(r).png */,
				F7A95B02223E26ED00E92297 /* SmallBtn(r).png */,
				F7FF134A2265B8770089610E /* image.png */,
				F7A95B0E223E339F00E92297 /* checkoff.jpg */,
				F7F445BD2261ABF300426A15 /* bg.png */,
				F7A95B0F223E339F00E92297 /* checkon.jpg */,
				F7D7029622468A0E00027497 /* animation.json */,
				6DC1A9D82239090B008D8283 /* UIcolor.swift */,
				6D18FD412237B76E00F68DA4 /* AppDelegate.swift */,
				F7BD73AF22462D9600B3B6C1 /* checkSignViewController.swift */,
				F7024D3D223E4CD2006C1869 /* ckeckImageViewController.swift */,
				6D18FD432237B76E00F68DA4 /* ViewController.swift */,
				6D18FD5B2237BF0100F68DA4 /* ChikaiViewController.swift */,
				6DF705012237ECD100FA8FE7 /* CheckViewController.swift */,
				F7DC95CC2246198E0080AB6B /* SignatureViewController.swift */,
				6D246EAF223A796F00004C7E /* Chikai2ViewController.swift */,
				6D776B4822391C1200A73D30 /* Check2ViewController.swift */,
				6D776B4C223922AE00A73D30 /* HakkouViewController.swift */,
				F7A95B12223E414300E92297 /* PrintViewController.swift */,
				6DFC2522223B973E00C65113 /* camaraViewController.swift */,
				F746080822462792009F95BC /* SignedViewController.swift */,
				F74608062246211C009F95BC /* Signature2ViewController.swift */,
				F7A95B0C223E311B00E92297 /* CheckBox.swift */,
				6D18FD482237B77000F68DA4 /* Assets.xcassets */,
				6D18FD4A2237B77000F68DA4 /* LaunchScreen.storyboard */,
				6D18FD4D2237B77000F68DA4 /* Info.plist */,
				F7D702942246897900027497 /* AnimeViewController.swift */,
			);
			path = "Famiee１";
			sourceTree = "<group>";
		};
		B6428E3057C7EAF24E4BD518 /* Frameworks */ = {
			isa = PBXGroup;
			children = (
				F7814F942257342D00D5C5C9 /* CryptoEthereumSwift.framework */,
				F7814F952257342E00D5C5C9 /* CryptoSwift.framework */,
				F7814F932257342D00D5C5C9 /* EthereumKit.framework */,
				13B14AD2333A7FCEEF256F34 /* Pods_Famiee_.framework */,
			);
			name = Frameworks;
			sourceTree = "<group>";
		};
/* End PBXGroup section */

/* Begin PBXNativeTarget section */
		6D18FD3D2237B76E00F68DA4 /* Famiee１ */ = {
			isa = PBXNativeTarget;
			buildConfigurationList = 6D18FD502237B77000F68DA4 /* Build configuration list for PBXNativeTarget "Famiee１" */;
			buildPhases = (
				4F592BD427245A3F6FDC543E /* [CP] Check Pods Manifest.lock */,
				6D18FD3A2237B76E00F68DA4 /* Sources */,
				6D18FD3B2237B76E00F68DA4 /* Frameworks */,
				6D18FD3C2237B76E00F68DA4 /* Resources */,
				BC3917BD54B482A7E96812D6 /* [CP] Embed Pods Frameworks */,
				F7814F99225735E000D5C5C9 /* ShellScript */,
			);
			buildRules = (
			);
			dependencies = (
			);
			name = "Famiee１";
			productName = "Famiee１";
			productReference = 6D18FD3E2237B76E00F68DA4 /* Famiee１.app */;
			productType = "com.apple.product-type.application";
		};
/* End PBXNativeTarget section */

/* Begin PBXProject section */
		6D18FD362237B76E00F68DA4 /* Project object */ = {
			isa = PBXProject;
			attributes = {
				LastSwiftUpdateCheck = 1010;
				LastUpgradeCheck = 1010;
				ORGANIZATIONNAME = "高岸　憲伸";
				TargetAttributes = {
					6D18FD3D2237B76E00F68DA4 = {
						CreatedOnToolsVersion = 10.1;
						LastSwiftMigration = 1010;
					};
				};
			};
			buildConfigurationList = 6D18FD392237B76E00F68DA4 /* Build configuration list for PBXProject "Famiee１" */;
			compatibilityVersion = "Xcode 9.3";
			developmentRegion = en;
			hasScannedForEncodings = 0;
			knownRegions = (
				en,
				Base,
			);
			mainGroup = 6D18FD352237B76E00F68DA4;
			productRefGroup = 6D18FD3F2237B76E00F68DA4 /* Products */;
			projectDirPath = "";
			projectRoot = "";
			targets = (
				6D18FD3D2237B76E00F68DA4 /* Famiee１ */,
			);
		};
/* End PBXProject section */

/* Begin PBXResourcesBuildPhase section */
		6D18FD3C2237B76E00F68DA4 /* Resources */ = {
			isa = PBXResourcesBuildPhase;
			buildActionMask = 2147483647;
			files = (
				F7A95B11223E339F00E92297 /* checkon.jpg in Resources */,
				F7FF134D2265B9450089610E /* button.png in Resources */,
				F7A95B08223E2A8900E92297 /* LargeBtn(p).png in Resources */,
				F7F445BE2261ABF500426A15 /* bg.png in Resources */,
				6D18FD4C2237B77000F68DA4 /* LaunchScreen.storyboard in Resources */,
				F7D7029722468A0F00027497 /* animation.json in Resources */,
				F7A95B03223E26ED00E92297 /* SmallBtn(r).png in Resources */,
				F78B643F22460E790038D132 /* cer.png in Resources */,
				6DC1A9DF22390A9D008D8283 /* 長方形 20.png in Resources */,
				6D18FD562237B82700F68DA4 /* Famiee.png in Resources */,
				6DC1A9DD22390A9D008D8283 /* back logo.png in Resources */,
				F7A95B0B223E2F7300E92297 /* LargeRed.png in Resources */,
				F7FF13492265B5510089610E /* background.png in Resources */,
				F7A95B10223E339F00E92297 /* checkoff.jpg in Resources */,
				F7FF134B2265B8790089610E /* image.png in Resources */,
				F7A95B05223E278500E92297 /* largeBtn(r).png in Resources */,
				F7A95B09223E2A8900E92297 /* smallBtn(p).png in Resources */,
				6D18FD492237B77000F68DA4 /* Assets.xcassets in Resources */,
				6D776B472239183600A73D30 /* backgraund1.png in Resources */,
				6D18FD472237B76E00F68DA4 /* Main.storyboard in Resources */,
			);
			runOnlyForDeploymentPostprocessing = 0;
		};
/* End PBXResourcesBuildPhase section */

/* Begin PBXShellScriptBuildPhase section */
		4F592BD427245A3F6FDC543E /* [CP] Check Pods Manifest.lock */ = {
			isa = PBXShellScriptBuildPhase;
			buildActionMask = 2147483647;
			files = (
			);
			inputFileListPaths = (
			);
			inputPaths = (
				"${PODS_PODFILE_DIR_PATH}/Podfile.lock",
				"${PODS_ROOT}/Manifest.lock",
			);
			name = "[CP] Check Pods Manifest.lock";
			outputFileListPaths = (
			);
			outputPaths = (
				"$(DERIVED_FILE_DIR)/Pods-Famiee１-checkManifestLockResult.txt",
			);
			runOnlyForDeploymentPostprocessing = 0;
			shellPath = /bin/sh;
			shellScript = "diff \"${PODS_PODFILE_DIR_PATH}/Podfile.lock\" \"${PODS_ROOT}/Manifest.lock\" > /dev/null\nif [ $? != 0 ] ; then\n    # print error to STDERR\n    echo \"error: The sandbox is not in sync with the Podfile.lock. Run 'pod install' or update your CocoaPods installation.\" >&2\n    exit 1\nfi\n# This output is used by Xcode 'outputs' to avoid re-running this script phase.\necho \"SUCCESS\" > \"${SCRIPT_OUTPUT_FILE_0}\"\n";
			showEnvVarsInLog = 0;
		};
		BC3917BD54B482A7E96812D6 /* [CP] Embed Pods Frameworks */ = {
			isa = PBXShellScriptBuildPhase;
			buildActionMask = 2147483647;
			files = (
			);
			inputFileListPaths = (
			);
			inputPaths = (
				"${SRCROOT}/Pods/Target Support Files/Pods-Famiee１/Pods-Famiee１-frameworks.sh",
				"${BUILT_PRODUCTS_DIR}/ACEDrawingView/ACEDrawingView.framework",
				"${BUILT_PRODUCTS_DIR}/lottie-ios/Lottie.framework",
			);
			name = "[CP] Embed Pods Frameworks";
			outputFileListPaths = (
			);
			outputPaths = (
				"${TARGET_BUILD_DIR}/${FRAMEWORKS_FOLDER_PATH}/ACEDrawingView.framework",
				"${TARGET_BUILD_DIR}/${FRAMEWORKS_FOLDER_PATH}/Lottie.framework",
			);
			runOnlyForDeploymentPostprocessing = 0;
			shellPath = /bin/sh;
			shellScript = "\"${SRCROOT}/Pods/Target Support Files/Pods-Famiee１/Pods-Famiee１-frameworks.sh\"\n";
			showEnvVarsInLog = 0;
		};
		F7814F99225735E000D5C5C9 /* ShellScript */ = {
			isa = PBXShellScriptBuildPhase;
			buildActionMask = 2147483647;
			files = (
			);
			inputFileListPaths = (
			);
			inputPaths = (
				"$(SRCROOT)/Carthage/Build/iOS/EthereumKit.framework",
				"$(SRCROOT)/Carthage/Build/iOS/CryptoEthereumSwift.framework",
				"$(SRCROOT)/Carthage/Build/iOS/CryptoSwift.framework",
			);
			outputFileListPaths = (
			);
			outputPaths = (
			);
			runOnlyForDeploymentPostprocessing = 0;
			shellPath = /bin/sh;
			shellScript = "# Type a script or drag a script file from your workspace to insert its path.\n/usr/local/bin/carthage copy-frameworks\n";
		};
/* End PBXShellScriptBuildPhase section */

/* Begin PBXSourcesBuildPhase section */
		6D18FD3A2237B76E00F68DA4 /* Sources */ = {
			isa = PBXSourcesBuildPhase;
			buildActionMask = 2147483647;
			files = (
				6DFC2523223B973E00C65113 /* camaraViewController.swift in Sources */,
				6D246EB0223A796F00004C7E /* Chikai2ViewController.swift in Sources */,
				6D18FD442237B76E00F68DA4 /* ViewController.swift in Sources */,
				6D776B4922391C1200A73D30 /* Check2ViewController.swift in Sources */,
				F7024D3E223E4CD2006C1869 /* ckeckImageViewController.swift in Sources */,
				F7DC95CD2246198E0080AB6B /* SignatureViewController.swift in Sources */,
				F7BD73B022462D9600B3B6C1 /* checkSignViewController.swift in Sources */,
				F7D702952246897900027497 /* AnimeViewController.swift in Sources */,
				F7A95B0D223E311B00E92297 /* CheckBox.swift in Sources */,
				F746080922462792009F95BC /* SignedViewController.swift in Sources */,
				6DF705022237ECD100FA8FE7 /* CheckViewController.swift in Sources */,
				F74608072246211C009F95BC /* Signature2ViewController.swift in Sources */,
				6D18FD5C2237BF0100F68DA4 /* ChikaiViewController.swift in Sources */,
				6D18FD422237B76E00F68DA4 /* AppDelegate.swift in Sources */,
				6DC1A9D92239090B008D8283 /* UIcolor.swift in Sources */,
				6D776B4D223922AE00A73D30 /* HakkouViewController.swift in Sources */,
				F7A95B13223E414500E92297 /* PrintViewController.swift in Sources */,
				F7D70293224688C700027497 /* Bridging-Header.m in Sources */,
			);
			runOnlyForDeploymentPostprocessing = 0;
		};
/* End PBXSourcesBuildPhase section */

/* Begin PBXVariantGroup section */
		6D18FD452237B76E00F68DA4 /* Main.storyboard */ = {
			isa = PBXVariantGroup;
			children = (
				6D18FD462237B76E00F68DA4 /* Base */,
			);
			name = Main.storyboard;
			sourceTree = "<group>";
		};
		6D18FD4A2237B77000F68DA4 /* LaunchScreen.storyboard */ = {
			isa = PBXVariantGroup;
			children = (
				6D18FD4B2237B77000F68DA4 /* Base */,
			);
			name = LaunchScreen.storyboard;
			sourceTree = "<group>";
		};
/* End PBXVariantGroup section */

/* Begin XCBuildConfiguration section */
		6D18FD4E2237B77000F68DA4 /* Debug */ = {
			isa = XCBuildConfiguration;
			buildSettings = {
				ALWAYS_SEARCH_USER_PATHS = NO;
				CLANG_ANALYZER_NONNULL = YES;
				CLANG_ANALYZER_NUMBER_OBJECT_CONVERSION = YES_AGGRESSIVE;
				CLANG_CXX_LANGUAGE_STANDARD = "gnu++14";
				CLANG_CXX_LIBRARY = "libc++";
				CLANG_ENABLE_MODULES = YES;
				CLANG_ENABLE_OBJC_ARC = YES;
				CLANG_ENABLE_OBJC_WEAK = YES;
				CLANG_WARN_BLOCK_CAPTURE_AUTORELEASING = YES;
				CLANG_WARN_BOOL_CONVERSION = YES;
				CLANG_WARN_COMMA = YES;
				CLANG_WARN_CONSTANT_CONVERSION = YES;
				CLANG_WARN_DEPRECATED_OBJC_IMPLEMENTATIONS = YES;
				CLANG_WARN_DIRECT_OBJC_ISA_USAGE = YES_ERROR;
				CLANG_WARN_DOCUMENTATION_COMMENTS = YES;
				CLANG_WARN_EMPTY_BODY = YES;
				CLANG_WARN_ENUM_CONVERSION = YES;
				CLANG_WARN_INFINITE_RECURSION = YES;
				CLANG_WARN_INT_CONVERSION = YES;
				CLANG_WARN_NON_LITERAL_NULL_CONVERSION = YES;
				CLANG_WARN_OBJC_IMPLICIT_RETAIN_SELF = YES;
				CLANG_WARN_OBJC_LITERAL_CONVERSION = YES;
				CLANG_WARN_OBJC_ROOT_CLASS = YES_ERROR;
				CLANG_WARN_RANGE_LOOP_ANALYSIS = YES;
				CLANG_WARN_STRICT_PROTOTYPES = YES;
				CLANG_WARN_SUSPICIOUS_MOVE = YES;
				CLANG_WARN_UNGUARDED_AVAILABILITY = YES_AGGRESSIVE;
				CLANG_WARN_UNREACHABLE_CODE = YES;
				CLANG_WARN__DUPLICATE_METHOD_MATCH = YES;
				CODE_SIGN_IDENTITY = "iPhone Developer";
				COPY_PHASE_STRIP = NO;
				DEBUG_INFORMATION_FORMAT = dwarf;
				ENABLE_STRICT_OBJC_MSGSEND = YES;
				ENABLE_TESTABILITY = YES;
				GCC_C_LANGUAGE_STANDARD = gnu11;
				GCC_DYNAMIC_NO_PIC = NO;
				GCC_NO_COMMON_BLOCKS = YES;
				GCC_OPTIMIZATION_LEVEL = 0;
				GCC_PREPROCESSOR_DEFINITIONS = (
					"DEBUG=1",
					"$(inherited)",
				);
				GCC_WARN_64_TO_32_BIT_CONVERSION = YES;
				GCC_WARN_ABOUT_RETURN_TYPE = YES_ERROR;
				GCC_WARN_UNDECLARED_SELECTOR = YES;
				GCC_WARN_UNINITIALIZED_AUTOS = YES_AGGRESSIVE;
				GCC_WARN_UNUSED_FUNCTION = YES;
				GCC_WARN_UNUSED_VARIABLE = YES;
				IPHONEOS_DEPLOYMENT_TARGET = 12.1;
				MTL_ENABLE_DEBUG_INFO = INCLUDE_SOURCE;
				MTL_FAST_MATH = YES;
				ONLY_ACTIVE_ARCH = YES;
				SDKROOT = iphoneos;
				SWIFT_ACTIVE_COMPILATION_CONDITIONS = DEBUG;
				SWIFT_OPTIMIZATION_LEVEL = "-Onone";
			};
			name = Debug;
		};
		6D18FD4F2237B77000F68DA4 /* Release */ = {
			isa = XCBuildConfiguration;
			buildSettings = {
				ALWAYS_SEARCH_USER_PATHS = NO;
				CLANG_ANALYZER_NONNULL = YES;
				CLANG_ANALYZER_NUMBER_OBJECT_CONVERSION = YES_AGGRESSIVE;
				CLANG_CXX_LANGUAGE_STANDARD = "gnu++14";
				CLANG_CXX_LIBRARY = "libc++";
				CLANG_ENABLE_MODULES = YES;
				CLANG_ENABLE_OBJC_ARC = YES;
				CLANG_ENABLE_OBJC_WEAK = YES;
				CLANG_WARN_BLOCK_CAPTURE_AUTORELEASING = YES;
				CLANG_WARN_BOOL_CONVERSION = YES;
				CLANG_WARN_COMMA = YES;
				CLANG_WARN_CONSTANT_CONVERSION = YES;
				CLANG_WARN_DEPRECATED_OBJC_IMPLEMENTATIONS = YES;
				CLANG_WARN_DIRECT_OBJC_ISA_USAGE = YES_ERROR;
				CLANG_WARN_DOCUMENTATION_COMMENTS = YES;
				CLANG_WARN_EMPTY_BODY = YES;
				CLANG_WARN_ENUM_CONVERSION = YES;
				CLANG_WARN_INFINITE_RECURSION = YES;
				CLANG_WARN_INT_CONVERSION = YES;
				CLANG_WARN_NON_LITERAL_NULL_CONVERSION = YES;
				CLANG_WARN_OBJC_IMPLICIT_RETAIN_SELF = YES;
				CLANG_WARN_OBJC_LITERAL_CONVERSION = YES;
				CLANG_WARN_OBJC_ROOT_CLASS = YES_ERROR;
				CLANG_WARN_RANGE_LOOP_ANALYSIS = YES;
				CLANG_WARN_STRICT_PROTOTYPES = YES;
				CLANG_WARN_SUSPICIOUS_MOVE = YES;
				CLANG_WARN_UNGUARDED_AVAILABILITY = YES_AGGRESSIVE;
				CLANG_WARN_UNREACHABLE_CODE = YES;
				CLANG_WARN__DUPLICATE_METHOD_MATCH = YES;
				CODE_SIGN_IDENTITY = "iPhone Developer";
				COPY_PHASE_STRIP = NO;
				DEBUG_INFORMATION_FORMAT = "dwarf-with-dsym";
				ENABLE_NS_ASSERTIONS = NO;
				ENABLE_STRICT_OBJC_MSGSEND = YES;
				GCC_C_LANGUAGE_STANDARD = gnu11;
				GCC_NO_COMMON_BLOCKS = YES;
				GCC_WARN_64_TO_32_BIT_CONVERSION = YES;
				GCC_WARN_ABOUT_RETURN_TYPE = YES_ERROR;
				GCC_WARN_UNDECLARED_SELECTOR = YES;
				GCC_WARN_UNINITIALIZED_AUTOS = YES_AGGRESSIVE;
				GCC_WARN_UNUSED_FUNCTION = YES;
				GCC_WARN_UNUSED_VARIABLE = YES;
				IPHONEOS_DEPLOYMENT_TARGET = 12.1;
				MTL_ENABLE_DEBUG_INFO = NO;
				MTL_FAST_MATH = YES;
				SDKROOT = iphoneos;
				SWIFT_COMPILATION_MODE = wholemodule;
				SWIFT_OPTIMIZATION_LEVEL = "-O";
				VALIDATE_PRODUCT = YES;
			};
			name = Release;
		};
		6D18FD512237B77000F68DA4 /* Debug */ = {
			isa = XCBuildConfiguration;
			baseConfigurationReference = AD1E9E5AAB2779B107D88A4B /* Pods-Famiee１.debug.xcconfig */;
			buildSettings = {
				ASSETCATALOG_COMPILER_APPICON_NAME = AppIcon;
				CLANG_ENABLE_MODULES = YES;
				CODE_SIGN_STYLE = Automatic;
				DEVELOPMENT_TEAM = GS68A638AG;
				FRAMEWORK_SEARCH_PATHS = (
					"$(inherited)",
					"$(PROJECT_DIR)/Carthage/Build/iOS",
				);
				INFOPLIST_FILE = "Famiee１/Info.plist";
				LD_RUNPATH_SEARCH_PATHS = (
					"$(inherited)",
					"@executable_path/Frameworks",
				);
				PRODUCT_BUNDLE_IDENTIFIER = "com.Kenshin.Famiee-";
				PRODUCT_NAME = "$(TARGET_NAME)";
				SWIFT_OBJC_BRIDGING_HEADER = "Famiee１-Bridging-Header.h";
				SWIFT_OPTIMIZATION_LEVEL = "-Onone";
				SWIFT_VERSION = 4.2;
				TARGETED_DEVICE_FAMILY = "1,2";
			};
			name = Debug;
		};
		6D18FD522237B77000F68DA4 /* Release */ = {
			isa = XCBuildConfiguration;
			baseConfigurationReference = 487196976402327B9C89DBDF /* Pods-Famiee１.release.xcconfig */;
			buildSettings = {
				ASSETCATALOG_COMPILER_APPICON_NAME = AppIcon;
				CLANG_ENABLE_MODULES = YES;
				CODE_SIGN_STYLE = Automatic;
				DEVELOPMENT_TEAM = GS68A638AG;
				FRAMEWORK_SEARCH_PATHS = (
					"$(inherited)",
					"$(PROJECT_DIR)/Carthage/Build/iOS",
				);
				INFOPLIST_FILE = "Famiee１/Info.plist";
				LD_RUNPATH_SEARCH_PATHS = (
					"$(inherited)",
					"@executable_path/Frameworks",
				);
				PRODUCT_BUNDLE_IDENTIFIER = "com.Kenshin.Famiee-";
				PRODUCT_NAME = "$(TARGET_NAME)";
				SWIFT_OBJC_BRIDGING_HEADER = "Famiee１-Bridging-Header.h";
				SWIFT_VERSION = 4.2;
				TARGETED_DEVICE_FAMILY = "1,2";
			};
			name = Release;
		};
/* End XCBuildConfiguration section */

/* Begin XCConfigurationList section */
		6D18FD392237B76E00F68DA4 /* Build configuration list for PBXProject "Famiee１" */ = {
			isa = XCConfigurationList;
			buildConfigurations = (
				6D18FD4E2237B77000F68DA4 /* Debug */,
				6D18FD4F2237B77000F68DA4 /* Release */,
			);
			defaultConfigurationIsVisible = 0;
			defaultConfigurationName = Release;
		};
		6D18FD502237B77000F68DA4 /* Build configuration list for PBXNativeTarget "Famiee１" */ = {
			isa = XCConfigurationList;
			buildConfigurations = (
				6D18FD512237B77000F68DA4 /* Debug */,
				6D18FD522237B77000F68DA4 /* Release */,
			);
			defaultConfigurationIsVisible = 0;
			defaultConfigurationName = Release;
		};
/* End XCConfigurationList section */
	};
	rootObject = 6D18FD362237B76E00F68DA4 /* Project object */;
}
